
Microsoft Visual Studio Solution File, Format Version 12.00
# Visual Studio 14
VisualStudioVersion = 14.0.25420.1
MinimumVisualStudioVersion = 10.0.40219.1
Project("{E24C65DC-7377-472B-9ABA-BC803B73C61A}") = "WebSite2", "..\..\WebSites\WebSite2\", "{26AAED79-5AC7-4C57-AA5F-DF2C37215795}"
	ProjectSection(WebsiteProperties) = preProject
		TargetFrameworkMoniker = ".NETFramework,Version%3Dv4.5.2"
		Debug.AspNetCompiler.VirtualPath = "/localhost_49417"
		Debug.AspNetCompiler.PhysicalPath = "..\..\WebSites\WebSite2\"
		Debug.AspNetCompiler.TargetPath = "PrecompiledWeb\localhost_49417\"
		Debug.AspNetCompiler.Updateable = "true"
		Debug.AspNetCompiler.ForceOverwrite = "true"
		Debug.AspNetCompiler.FixedNames = "false"
		Debug.AspNetCompiler.Debug = "True"
		Release.AspNetCompiler.VirtualPath = "/localhost_49417"
		Release.AspNetCompiler.PhysicalPath = "..\..\WebSites\WebSite2\"
		Release.AspNetCompiler.TargetPath = "PrecompiledWeb\localhost_49417\"
		Release.AspNetCompiler.Updateable = "true"
		Release.AspNetCompiler.ForceOverwrite = "true"
		Release.AspNetCompiler.FixedNames = "false"
		Release.AspNetCompiler.Debug = "False"
		VWDPort = "49417"
		SlnRelativePath = "..\..\WebSites\WebSite2\"
		DefaultWebSiteLanguage = "Visual C#"
	EndProjectSection
EndProject
Project("{FAE04EC0-301F-11D3-BF4B-00C04F79EFBC}") = "Parser", "Parser\Parser.csproj", "{730D8B85-8C2E-4843-8F34-AC5716A02188}"
EndProject
Project("{FAE04EC0-301F-11D3-BF4B-00C04F79EFBC}") = "GeoCoder", "GeoCoder\GeoCoder.csproj", "{E8FA82A8-61F5-49D8-894D-476E0FC609ED}"
EndProject
Project("{FAE04EC0-301F-11D3-BF4B-00C04F79EFBC}") = "DBConnect", "DbCreater\DBConnect.csproj", "{729E52F9-4EE3-47AC-B30E-691F2AFDC335}"
EndProject
Global
	GlobalSection(SolutionConfigurationPlatforms) = preSolution
		Debug|Any CPU = Debug|Any CPU
		Release|Any CPU = Release|Any CPU
	EndGlobalSection
	GlobalSection(ProjectConfigurationPlatforms) = postSolution
		{26AAED79-5AC7-4C57-AA5F-DF2C37215795}.Debug|Any CPU.ActiveCfg = Debug|Any CPU
		{26AAED79-5AC7-4C57-AA5F-DF2C37215795}.Debug|Any CPU.Build.0 = Debug|Any CPU
		{26AAED79-5AC7-4C57-AA5F-DF2C37215795}.Release|Any CPU.ActiveCfg = Debug|Any CPU
		{26AAED79-5AC7-4C57-AA5F-DF2C37215795}.Release|Any CPU.Build.0 = Debug|Any CPU
		{730D8B85-8C2E-4843-8F34-AC5716A02188}.Debug|Any CPU.ActiveCfg = Debug|Any CPU
		{730D8B85-8C2E-4843-8F34-AC5716A02188}.Debug|Any CPU.Build.0 = Debug|Any CPU
		{730D8B85-8C2E-4843-8F34-AC5716A02188}.Release|Any CPU.ActiveCfg = Release|Any CPU
		{730D8B85-8C2E-4843-8F34-AC5716A02188}.Release|Any CPU.Build.0 = Release|Any CPU
		{E8FA82A8-61F5-49D8-894D-476E0FC609ED}.Debug|Any CPU.ActiveCfg = Debug|Any CPU
		{E8FA82A8-61F5-49D8-894D-476E0FC609ED}.Debug|Any CPU.Build.0 = Debug|Any CPU
		{E8FA82A8-61F5-49D8-894D-476E0FC609ED}.Release|Any CPU.ActiveCfg = Release|Any CPU
		{E8FA82A8-61F5-49D8-894D-476E0FC609ED}.Release|Any CPU.Build.0 = Release|Any CPU
		{729E52F9-4EE3-47AC-B30E-691F2AFDC335}.Debug|Any CPU.ActiveCfg = Debug|Any CPU
		{729E52F9-4EE3-47AC-B30E-691F2AFDC335}.Debug|Any CPU.Build.0 = Debug|Any CPU
		{729E52F9-4EE3-47AC-B30E-691F2AFDC335}.Release|Any CPU.ActiveCfg = Release|Any CPU
		{729E52F9-4EE3-47AC-B30E-691F2AFDC335}.Release|Any CPU.Build.0 = Release|Any CPU
	EndGlobalSection
	GlobalSection(SolutionProperties) = preSolution
		HideSolutionNode = FALSE
	EndGlobalSection
EndGlobal
